
Microsoft Visual Studio Solution File, Format Version 12.00
# Visual Studio Version 16
VisualStudioVersion = 16.0.31729.503
MinimumVisualStudioVersion = 10.0.40219.1
Project("{FAE04EC0-301F-11D3-BF4B-00C04F79EFBC}") = "Configuration", "Configuration.csproj", "{A3BA84F6-77B1-4D93-9D60-ED47722AA59D}"
EndProject
Global
	GlobalSection(SolutionConfigurationPlatforms) = preSolution
		Debug|Any CPU = Debug|Any CPU
		Release|Any CPU = Release|Any CPU
	EndGlobalSection
	GlobalSection(ProjectConfigurationPlatforms) = postSolution
		{A3BA84F6-77B1-4D93-9D60-ED47722AA59D}.Debug|Any CPU.ActiveCfg = Debug|Any CPU
		{A3BA84F6-77B1-4D93-9D60-ED47722AA59D}.Debug|Any CPU.Build.0 = Debug|Any CPU
		{A3BA84F6-77B1-4D93-9D60-ED47722AA59D}.Release|Any CPU.ActiveCfg = Release|Any CPU
		{A3BA84F6-77B1-4D93-9D60-ED47722AA59D}.Release|Any CPU.Build.0 = Release|Any CPU
	EndGlobalSection
	GlobalSection(SolutionProperties) = preSolution
		HideSolutionNode = FALSE
	EndGlobalSection
	GlobalSection(ExtensibilityGlobals) = postSolution
		SolutionGuid = {B147406E-C39D-4F41-83D1-1916F18D3296}
	EndGlobalSection
EndGlobal
